
Microsoft Visual Studio Solution File, Format Version 10.00
# Visual Studio 2008
Project("{8BC9CEB8-8B4A-11D0-8D11-00A0C91BC942}") = "qracodes-st", "qracodes-st\qracodes-st.vcproj", "{9E921A72-CE23-46C1-88A6-AC4D5BF5F091}"
EndProject
Global
	GlobalSection(SolutionConfigurationPlatforms) = preSolution
		Debug|Win32 = Debug|Win32
		Release|Win32 = Release|Win32
	EndGlobalSection
	GlobalSection(ProjectConfigurationPlatforms) = postSolution
		{9E921A72-CE23-46C1-88A6-AC4D5BF5F091}.Debug|Win32.ActiveCfg = Debug|Win32
		{9E921A72-CE23-46C1-88A6-AC4D5BF5F091}.Debug|Win32.Build.0 = Debug|Win32
		{9E921A72-CE23-46C1-88A6-AC4D5BF5F091}.Release|Win32.ActiveCfg = Release|Win32
		{9E921A72-CE23-46C1-88A6-AC4D5BF5F091}.Release|Win32.Build.0 = Release|Win32
	EndGlobalSection
	GlobalSection(SolutionProperties) = preSolution
		HideSolutionNode = FALSE
	EndGlobalSection
EndGlobal
