
Microsoft Visual Studio Solution File, Format Version 10.00
# Visual Studio 2008
Project("{8BC9CEB8-8B4A-11D0-8D11-00A0C91BC942}") = "qracodes-mt", "qracodes-mt\qracodes-mt.vcproj", "{272D3997-2EE4-4D21-9F03-CE07F40B6134}"
EndProject
Global
	GlobalSection(SolutionConfigurationPlatforms) = preSolution
		Debug|Win32 = Debug|Win32
		Release|Win32 = Release|Win32
	EndGlobalSection
	GlobalSection(ProjectConfigurationPlatforms) = postSolution
		{272D3997-2EE4-4D21-9F03-CE07F40B6134}.Debug|Win32.ActiveCfg = Debug|Win32
		{272D3997-2EE4-4D21-9F03-CE07F40B6134}.Debug|Win32.Build.0 = Debug|Win32
		{272D3997-2EE4-4D21-9F03-CE07F40B6134}.Release|Win32.ActiveCfg = Release|Win32
		{272D3997-2EE4-4D21-9F03-CE07F40B6134}.Release|Win32.Build.0 = Release|Win32
	EndGlobalSection
	GlobalSection(SolutionProperties) = preSolution
		HideSolutionNode = FALSE
	EndGlobalSection
EndGlobal
